
Microsoft Visual Studio Solution File, Format Version 12.00
# Visual Studio 15
Project("{FAE04EC0-301F-11D3-BF4B-00C04F79EFBC}") = "Assembly-CSharp", "Assembly-CSharp.csproj", "{0026D2C6-398B-92F5-59FC-CF03A21E5095}"
EndProject
Project("{FAE04EC0-301F-11D3-BF4B-00C04F79EFBC}") = "Assembly-CSharp-Editor", "Assembly-CSharp-Editor.csproj", "{62C66A03-D779-476B-FA30-A5064585FE5F}"
EndProject
Global
	GlobalSection(SolutionConfigurationPlatforms) = preSolution
		Debug|Any CPU = Debug|Any CPU
		Release|Any CPU = Release|Any CPU
	EndGlobalSection
	GlobalSection(ProjectConfigurationPlatforms) = postSolution
		{0026D2C6-398B-92F5-59FC-CF03A21E5095}.Debug|Any CPU.ActiveCfg = Debug|Any CPU
		{0026D2C6-398B-92F5-59FC-CF03A21E5095}.Debug|Any CPU.Build.0 = Debug|Any CPU
		{0026D2C6-398B-92F5-59FC-CF03A21E5095}.Release|Any CPU.ActiveCfg = Release|Any CPU
		{0026D2C6-398B-92F5-59FC-CF03A21E5095}.Release|Any CPU.Build.0 = Release|Any CPU
		{62C66A03-D779-476B-FA30-A5064585FE5F}.Debug|Any CPU.ActiveCfg = Debug|Any CPU
		{62C66A03-D779-476B-FA30-A5064585FE5F}.Debug|Any CPU.Build.0 = Debug|Any CPU
		{62C66A03-D779-476B-FA30-A5064585FE5F}.Release|Any CPU.ActiveCfg = Release|Any CPU
		{62C66A03-D779-476B-FA30-A5064585FE5F}.Release|Any CPU.Build.0 = Release|Any CPU
	EndGlobalSection
	GlobalSection(SolutionProperties) = preSolution
		HideSolutionNode = FALSE
	EndGlobalSection
EndGlobal
